
Microsoft Visual Studio Solution File, Format Version 12.00
# Visual Studio Version 17
VisualStudioVersion = 17.11.35222.181
MinimumVisualStudioVersion = 10.0.40219.1
Project("{FAE04EC0-301F-11D3-BF4B-00C04F79EFBC}") = "ResponsiJuniorProject", "ResponsiJuniorProject\ResponsiJuniorProject.csproj", "{586C718B-866C-4735-9C91-30E8A420B29A}"
EndProject
Global
	GlobalSection(SolutionConfigurationPlatforms) = preSolution
		Debug|Any CPU = Debug|Any CPU
		Release|Any CPU = Release|Any CPU
	EndGlobalSection
	GlobalSection(ProjectConfigurationPlatforms) = postSolution
		{586C718B-866C-4735-9C91-30E8A420B29A}.Debug|Any CPU.ActiveCfg = Debug|Any CPU
		{586C718B-866C-4735-9C91-30E8A420B29A}.Debug|Any CPU.Build.0 = Debug|Any CPU
		{586C718B-866C-4735-9C91-30E8A420B29A}.Release|Any CPU.ActiveCfg = Release|Any CPU
		{586C718B-866C-4735-9C91-30E8A420B29A}.Release|Any CPU.Build.0 = Release|Any CPU
	EndGlobalSection
	GlobalSection(SolutionProperties) = preSolution
		HideSolutionNode = FALSE
	EndGlobalSection
	GlobalSection(ExtensibilityGlobals) = postSolution
		SolutionGuid = {A6558B98-A7E9-4223-8DFF-655203F2BF32}
	EndGlobalSection
EndGlobal
